// !$*UTF8*$!
{
	archiveVersion = 1;
	classes = {
	};
	objectVersion = 50;
	objects = {

/* Begin PBXBuildFile section */
		374EF5DD91A7F9A9507BBFF3 /* Pods_TMDb_TMDbUITests.framework in Frameworks */ = {isa = PBXBuildFile; fileRef = 43336E66DFFCFCA04A13748C /* Pods_TMDb_TMDbUITests.framework */; };
		6AD844DA16A3ED1855A401AC /* Pods_TMDb.framework in Frameworks */ = {isa = PBXBuildFile; fileRef = 4FB1624CB72AB715F46F4DF3 /* Pods_TMDb.framework */; };
		97BAD3E343079F796CD84588 /* Pods_TMDbTests.framework in Frameworks */ = {isa = PBXBuildFile; fileRef = 3DCA72C5BD8DF11C3A407730 /* Pods_TMDbTests.framework */; };
		AE3BD16E25D1B08C00B93C93 /* AppDelegate.swift in Sources */ = {isa = PBXBuildFile; fileRef = AE3BD16D25D1B08C00B93C93 /* AppDelegate.swift */; };
		AE3BD17025D1B08C00B93C93 /* SceneDelegate.swift in Sources */ = {isa = PBXBuildFile; fileRef = AE3BD16F25D1B08C00B93C93 /* SceneDelegate.swift */; };
		AE3BD17225D1B08C00B93C93 /* ContentView.swift in Sources */ = {isa = PBXBuildFile; fileRef = AE3BD17125D1B08C00B93C93 /* ContentView.swift */; };
		AE3BD17425D1B08E00B93C93 /* Assets.xcassets in Resources */ = {isa = PBXBuildFile; fileRef = AE3BD17325D1B08E00B93C93 /* Assets.xcassets */; };
		AE3BD17725D1B08E00B93C93 /* Preview Assets.xcassets in Resources */ = {isa = PBXBuildFile; fileRef = AE3BD17625D1B08E00B93C93 /* Preview Assets.xcassets */; };
		AE3BD17A25D1B08E00B93C93 /* LaunchScreen.storyboard in Resources */ = {isa = PBXBuildFile; fileRef = AE3BD17825D1B08E00B93C93 /* LaunchScreen.storyboard */; };
		AE3BD18525D1B08E00B93C93 /* TMDbTests.swift in Sources */ = {isa = PBXBuildFile; fileRef = AE3BD18425D1B08E00B93C93 /* TMDbTests.swift */; };
		AE3BD19025D1B08E00B93C93 /* TMDbUITests.swift in Sources */ = {isa = PBXBuildFile; fileRef = AE3BD18F25D1B08E00B93C93 /* TMDbUITests.swift */; };
/* End PBXBuildFile section */

/* Begin PBXContainerItemProxy section */
		AE3BD18125D1B08E00B93C93 /* PBXContainerItemProxy */ = {
			isa = PBXContainerItemProxy;
			containerPortal = AE3BD16225D1B08C00B93C93 /* Project object */;
			proxyType = 1;
			remoteGlobalIDString = AE3BD16925D1B08C00B93C93;
			remoteInfo = TMDb;
		};
		AE3BD18C25D1B08E00B93C93 /* PBXContainerItemProxy */ = {
			isa = PBXContainerItemProxy;
			containerPortal = AE3BD16225D1B08C00B93C93 /* Project object */;
			proxyType = 1;
			remoteGlobalIDString = AE3BD16925D1B08C00B93C93;
			remoteInfo = TMDb;
		};
/* End PBXContainerItemProxy section */

/* Begin PBXFileReference section */
		3DCA72C5BD8DF11C3A407730 /* Pods_TMDbTests.framework */ = {isa = PBXFileReference; explicitFileType = wrapper.framework; includeInIndex = 0; path = Pods_TMDbTests.framework; sourceTree = BUILT_PRODUCTS_DIR; };
		43336E66DFFCFCA04A13748C /* Pods_TMDb_TMDbUITests.framework */ = {isa = PBXFileReference; explicitFileType = wrapper.framework; includeInIndex = 0; path = Pods_TMDb_TMDbUITests.framework; sourceTree = BUILT_PRODUCTS_DIR; };
		4FB1624CB72AB715F46F4DF3 /* Pods_TMDb.framework */ = {isa = PBXFileReference; explicitFileType = wrapper.framework; includeInIndex = 0; path = Pods_TMDb.framework; sourceTree = BUILT_PRODUCTS_DIR; };
		50CFF0EC81E894156F86A08A /* Pods-TMDb-TMDbUITests.debug.xcconfig */ = {isa = PBXFileReference; includeInIndex = 1; lastKnownFileType = text.xcconfig; name = "Pods-TMDb-TMDbUITests.debug.xcconfig"; path = "Target Support Files/Pods-TMDb-TMDbUITests/Pods-TMDb-TMDbUITests.debug.xcconfig"; sourceTree = "<group>"; };
		63FC554FAE6B563731A3F5F3 /* Pods-TMDbTests.debug.xcconfig */ = {isa = PBXFileReference; includeInIndex = 1; lastKnownFileType = text.xcconfig; name = "Pods-TMDbTests.debug.xcconfig"; path = "Target Support Files/Pods-TMDbTests/Pods-TMDbTests.debug.xcconfig"; sourceTree = "<group>"; };
		64896F7996DB1B646588F519 /* Pods-TMDbTests.release.xcconfig */ = {isa = PBXFileReference; includeInIndex = 1; lastKnownFileType = text.xcconfig; name = "Pods-TMDbTests.release.xcconfig"; path = "Target Support Files/Pods-TMDbTests/Pods-TMDbTests.release.xcconfig"; sourceTree = "<group>"; };
		660E4F2723C7552D78EDFED8 /* Pods-TMDb.release.xcconfig */ = {isa = PBXFileReference; includeInIndex = 1; lastKnownFileType = text.xcconfig; name = "Pods-TMDb.release.xcconfig"; path = "Target Support Files/Pods-TMDb/Pods-TMDb.release.xcconfig"; sourceTree = "<group>"; };
		8D569EAB23D5E53705E60F5E /* Pods-TMDb.debug.xcconfig */ = {isa = PBXFileReference; includeInIndex = 1; lastKnownFileType = text.xcconfig; name = "Pods-TMDb.debug.xcconfig"; path = "Target Support Files/Pods-TMDb/Pods-TMDb.debug.xcconfig"; sourceTree = "<group>"; };
		AB757589C99EE9F0BA2D3A2D /* Pods-TMDb-TMDbUITests.release.xcconfig */ = {isa = PBXFileReference; includeInIndex = 1; lastKnownFileType = text.xcconfig; name = "Pods-TMDb-TMDbUITests.release.xcconfig"; path = "Target Support Files/Pods-TMDb-TMDbUITests/Pods-TMDb-TMDbUITests.release.xcconfig"; sourceTree = "<group>"; };
		AE3BD16A25D1B08C00B93C93 /* TMDb.app */ = {isa = PBXFileReference; explicitFileType = wrapper.application; includeInIndex = 0; path = TMDb.app; sourceTree = BUILT_PRODUCTS_DIR; };
		AE3BD16D25D1B08C00B93C93 /* AppDelegate.swift */ = {isa = PBXFileReference; lastKnownFileType = sourcecode.swift; path = AppDelegate.swift; sourceTree = "<group>"; };
		AE3BD16F25D1B08C00B93C93 /* SceneDelegate.swift */ = {isa = PBXFileReference; lastKnownFileType = sourcecode.swift; path = SceneDelegate.swift; sourceTree = "<group>"; };
		AE3BD17125D1B08C00B93C93 /* ContentView.swift */ = {isa = PBXFileReference; lastKnownFileType = sourcecode.swift; path = ContentView.swift; sourceTree = "<group>"; };
		AE3BD17325D1B08E00B93C93 /* Assets.xcassets */ = {isa = PBXFileReference; lastKnownFileType = folder.assetcatalog; path = Assets.xcassets; sourceTree = "<group>"; };
		AE3BD17625D1B08E00B93C93 /* Preview Assets.xcassets */ = {isa = PBXFileReference; lastKnownFileType = folder.assetcatalog; path = "Preview Assets.xcassets"; sourceTree = "<group>"; };
		AE3BD17925D1B08E00B93C93 /* Base */ = {isa = PBXFileReference; lastKnownFileType = file.storyboard; name = Base; path = Base.lproj/LaunchScreen.storyboard; sourceTree = "<group>"; };
		AE3BD17B25D1B08E00B93C93 /* Info.plist */ = {isa = PBXFileReference; lastKnownFileType = text.plist.xml; path = Info.plist; sourceTree = "<group>"; };
		AE3BD18025D1B08E00B93C93 /* TMDbTests.xctest */ = {isa = PBXFileReference; explicitFileType = wrapper.cfbundle; includeInIndex = 0; path = TMDbTests.xctest; sourceTree = BUILT_PRODUCTS_DIR; };
		AE3BD18425D1B08E00B93C93 /* TMDbTests.swift */ = {isa = PBXFileReference; lastKnownFileType = sourcecode.swift; path = TMDbTests.swift; sourceTree = "<group>"; };
		AE3BD18625D1B08E00B93C93 /* Info.plist */ = {isa = PBXFileReference; lastKnownFileType = text.plist.xml; path = Info.plist; sourceTree = "<group>"; };
		AE3BD18B25D1B08E00B93C93 /* TMDbUITests.xctest */ = {isa = PBXFileReference; explicitFileType = wrapper.cfbundle; includeInIndex = 0; path = TMDbUITests.xctest; sourceTree = BUILT_PRODUCTS_DIR; };
		AE3BD18F25D1B08E00B93C93 /* TMDbUITests.swift */ = {isa = PBXFileReference; lastKnownFileType = sourcecode.swift; path = TMDbUITests.swift; sourceTree = "<group>"; };
		AE3BD19125D1B08E00B93C93 /* Info.plist */ = {isa = PBXFileReference; lastKnownFileType = text.plist.xml; path = Info.plist; sourceTree = "<group>"; };
/* End PBXFileReference section */

/* Begin PBXFrameworksBuildPhase section */
		AE3BD16725D1B08C00B93C93 /* Frameworks */ = {
			isa = PBXFrameworksBuildPhase;
			buildActionMask = 2147483647;
			files = (
				6AD844DA16A3ED1855A401AC /* Pods_TMDb.framework in Frameworks */,
			);
			runOnlyForDeploymentPostprocessing = 0;
		};
		AE3BD17D25D1B08E00B93C93 /* Frameworks */ = {
			isa = PBXFrameworksBuildPhase;
			buildActionMask = 2147483647;
			files = (
				97BAD3E343079F796CD84588 /* Pods_TMDbTests.framework in Frameworks */,
			);
			runOnlyForDeploymentPostprocessing = 0;
		};
		AE3BD18825D1B08E00B93C93 /* Frameworks */ = {
			isa = PBXFrameworksBuildPhase;
			buildActionMask = 2147483647;
			files = (
				374EF5DD91A7F9A9507BBFF3 /* Pods_TMDb_TMDbUITests.framework in Frameworks */,
			);
			runOnlyForDeploymentPostprocessing = 0;
		};
/* End PBXFrameworksBuildPhase section */

/* Begin PBXGroup section */
		8413B41D1FECB9CA7536A479 /* Pods */ = {
			isa = PBXGroup;
			children = (
				8D569EAB23D5E53705E60F5E /* Pods-TMDb.debug.xcconfig */,
				660E4F2723C7552D78EDFED8 /* Pods-TMDb.release.xcconfig */,
				50CFF0EC81E894156F86A08A /* Pods-TMDb-TMDbUITests.debug.xcconfig */,
				AB757589C99EE9F0BA2D3A2D /* Pods-TMDb-TMDbUITests.release.xcconfig */,
				63FC554FAE6B563731A3F5F3 /* Pods-TMDbTests.debug.xcconfig */,
				64896F7996DB1B646588F519 /* Pods-TMDbTests.release.xcconfig */,
			);
			name = Pods;
			path = Pods;
			sourceTree = "<group>";
		};
		AE3BD16125D1B08C00B93C93 = {
			isa = PBXGroup;
			children = (
				AE3BD16C25D1B08C00B93C93 /* TMDb */,
				AE3BD18325D1B08E00B93C93 /* TMDbTests */,
				AE3BD18E25D1B08E00B93C93 /* TMDbUITests */,
				AE3BD16B25D1B08C00B93C93 /* Products */,
				8413B41D1FECB9CA7536A479 /* Pods */,
				B8C4346A504A599419142674 /* Frameworks */,
			);
			sourceTree = "<group>";
		};
		AE3BD16B25D1B08C00B93C93 /* Products */ = {
			isa = PBXGroup;
			children = (
				AE3BD16A25D1B08C00B93C93 /* TMDb.app */,
				AE3BD18025D1B08E00B93C93 /* TMDbTests.xctest */,
				AE3BD18B25D1B08E00B93C93 /* TMDbUITests.xctest */,
			);
			name = Products;
			sourceTree = "<group>";
		};
		AE3BD16C25D1B08C00B93C93 /* TMDb */ = {
			isa = PBXGroup;
			children = (
				AE3BD16D25D1B08C00B93C93 /* AppDelegate.swift */,
				AE3BD16F25D1B08C00B93C93 /* SceneDelegate.swift */,
				AE3BD17125D1B08C00B93C93 /* ContentView.swift */,
				AE3BD17325D1B08E00B93C93 /* Assets.xcassets */,
				AE3BD17825D1B08E00B93C93 /* LaunchScreen.storyboard */,
				AE3BD17B25D1B08E00B93C93 /* Info.plist */,
				AE3BD17525D1B08E00B93C93 /* Preview Content */,
			);
			path = TMDb;
			sourceTree = "<group>";
		};
		AE3BD17525D1B08E00B93C93 /* Preview Content */ = {
			isa = PBXGroup;
			children = (
				AE3BD17625D1B08E00B93C93 /* Preview Assets.xcassets */,
			);
			path = "Preview Content";
			sourceTree = "<group>";
		};
		AE3BD18325D1B08E00B93C93 /* TMDbTests */ = {
			isa = PBXGroup;
			children = (
				AE3BD18425D1B08E00B93C93 /* TMDbTests.swift */,
				AE3BD18625D1B08E00B93C93 /* Info.plist */,
			);
			path = TMDbTests;
			sourceTree = "<group>";
		};
		AE3BD18E25D1B08E00B93C93 /* TMDbUITests */ = {
			isa = PBXGroup;
			children = (
				AE3BD18F25D1B08E00B93C93 /* TMDbUITests.swift */,
				AE3BD19125D1B08E00B93C93 /* Info.plist */,
			);
			path = TMDbUITests;
			sourceTree = "<group>";
		};
		B8C4346A504A599419142674 /* Frameworks */ = {
			isa = PBXGroup;
			children = (
				4FB1624CB72AB715F46F4DF3 /* Pods_TMDb.framework */,
				43336E66DFFCFCA04A13748C /* Pods_TMDb_TMDbUITests.framework */,
				3DCA72C5BD8DF11C3A407730 /* Pods_TMDbTests.framework */,
			);
			name = Frameworks;
			sourceTree = "<group>";
		};
/* End PBXGroup section */

/* Begin PBXNativeTarget section */
		AE3BD16925D1B08C00B93C93 /* TMDb */ = {
			isa = PBXNativeTarget;
			buildConfigurationList = AE3BD19425D1B08E00B93C93 /* Build configuration list for PBXNativeTarget "TMDb" */;
			buildPhases = (
				2F317054B3F2B61D85A3ACF3 /* [CP] Check Pods Manifest.lock */,
				AE3BD16625D1B08C00B93C93 /* Sources */,
				AE3BD16725D1B08C00B93C93 /* Frameworks */,
				AE3BD16825D1B08C00B93C93 /* Resources */,
				2A73D6B4F71E755A9B3DEB56 /* [CP] Embed Pods Frameworks */,
			);
			buildRules = (
			);
			dependencies = (
			);
			name = TMDb;
			productName = TMDb;
			productReference = AE3BD16A25D1B08C00B93C93 /* TMDb.app */;
			productType = "com.apple.product-type.application";
		};
		AE3BD17F25D1B08E00B93C93 /* TMDbTests */ = {
			isa = PBXNativeTarget;
			buildConfigurationList = AE3BD19725D1B08E00B93C93 /* Build configuration list for PBXNativeTarget "TMDbTests" */;
			buildPhases = (
				D82AD2E6F87A0EE1CF719AF9 /* [CP] Check Pods Manifest.lock */,
				AE3BD17C25D1B08E00B93C93 /* Sources */,
				AE3BD17D25D1B08E00B93C93 /* Frameworks */,
				AE3BD17E25D1B08E00B93C93 /* Resources */,
			);
			buildRules = (
			);
			dependencies = (
				AE3BD18225D1B08E00B93C93 /* PBXTargetDependency */,
			);
			name = TMDbTests;
			productName = TMDbTests;
			productReference = AE3BD18025D1B08E00B93C93 /* TMDbTests.xctest */;
			productType = "com.apple.product-type.bundle.unit-test";
		};
		AE3BD18A25D1B08E00B93C93 /* TMDbUITests */ = {
			isa = PBXNativeTarget;
			buildConfigurationList = AE3BD19A25D1B08E00B93C93 /* Build configuration list for PBXNativeTarget "TMDbUITests" */;
			buildPhases = (
				B87CE4D72E4447C1BB4E9396 /* [CP] Check Pods Manifest.lock */,
				AE3BD18725D1B08E00B93C93 /* Sources */,
				AE3BD18825D1B08E00B93C93 /* Frameworks */,
				AE3BD18925D1B08E00B93C93 /* Resources */,
				7878B94734C963E9FE79CEDA /* [CP] Embed Pods Frameworks */,
			);
			buildRules = (
			);
			dependencies = (
				AE3BD18D25D1B08E00B93C93 /* PBXTargetDependency */,
			);
			name = TMDbUITests;
			productName = TMDbUITests;
			productReference = AE3BD18B25D1B08E00B93C93 /* TMDbUITests.xctest */;
			productType = "com.apple.product-type.bundle.ui-testing";
		};
/* End PBXNativeTarget section */

/* Begin PBXProject section */
		AE3BD16225D1B08C00B93C93 /* Project object */ = {
			isa = PBXProject;
			attributes = {
				LastSwiftUpdateCheck = 1220;
				LastUpgradeCheck = 1220;
				TargetAttributes = {
					AE3BD16925D1B08C00B93C93 = {
						CreatedOnToolsVersion = 12.2;
					};
					AE3BD17F25D1B08E00B93C93 = {
						CreatedOnToolsVersion = 12.2;
						TestTargetID = AE3BD16925D1B08C00B93C93;
					};
					AE3BD18A25D1B08E00B93C93 = {
						CreatedOnToolsVersion = 12.2;
						TestTargetID = AE3BD16925D1B08C00B93C93;
					};
				};
			};
			buildConfigurationList = AE3BD16525D1B08C00B93C93 /* Build configuration list for PBXProject "TMDb" */;
			compatibilityVersion = "Xcode 9.3";
			developmentRegion = en;
			hasScannedForEncodings = 0;
			knownRegions = (
				en,
				Base,
			);
			mainGroup = AE3BD16125D1B08C00B93C93;
			productRefGroup = AE3BD16B25D1B08C00B93C93 /* Products */;
			projectDirPath = "";
			projectRoot = "";
			targets = (
				AE3BD16925D1B08C00B93C93 /* TMDb */,
				AE3BD17F25D1B08E00B93C93 /* TMDbTests */,
				AE3BD18A25D1B08E00B93C93 /* TMDbUITests */,
			);
		};
/* End PBXProject section */

/* Begin PBXResourcesBuildPhase section */
		AE3BD16825D1B08C00B93C93 /* Resources */ = {
			isa = PBXResourcesBuildPhase;
			buildActionMask = 2147483647;
			files = (
				AE3BD17A25D1B08E00B93C93 /* LaunchScreen.storyboard in Resources */,
				AE3BD17725D1B08E00B93C93 /* Preview Assets.xcassets in Resources */,
				AE3BD17425D1B08E00B93C93 /* Assets.xcassets in Resources */,
			);
			runOnlyForDeploymentPostprocessing = 0;
		};
		AE3BD17E25D1B08E00B93C93 /* Resources */ = {
			isa = PBXResourcesBuildPhase;
			buildActionMask = 2147483647;
			files = (
			);
			runOnlyForDeploymentPostprocessing = 0;
		};
		AE3BD18925D1B08E00B93C93 /* Resources */ = {
			isa = PBXResourcesBuildPhase;
			buildActionMask = 2147483647;
			files = (
			);
			runOnlyForDeploymentPostprocessing = 0;
		};
/* End PBXResourcesBuildPhase section */

/* Begin PBXShellScriptBuildPhase section */
		2A73D6B4F71E755A9B3DEB56 /* [CP] Embed Pods Frameworks */ = {
			isa = PBXShellScriptBuildPhase;
			buildActionMask = 2147483647;
			files = (
			);
			inputFileListPaths = (
				"${PODS_ROOT}/Target Support Files/Pods-TMDb/Pods-TMDb-frameworks-${CONFIGURATION}-input-files.xcfilelist",
			);
			name = "[CP] Embed Pods Frameworks";
			outputFileListPaths = (
				"${PODS_ROOT}/Target Support Files/Pods-TMDb/Pods-TMDb-frameworks-${CONFIGURATION}-output-files.xcfilelist",
			);
			runOnlyForDeploymentPostprocessing = 0;
			shellPath = /bin/sh;
			shellScript = "\"${PODS_ROOT}/Target Support Files/Pods-TMDb/Pods-TMDb-frameworks.sh\"\n";
			showEnvVarsInLog = 0;
		};
		2F317054B3F2B61D85A3ACF3 /* [CP] Check Pods Manifest.lock */ = {
			isa = PBXShellScriptBuildPhase;
			buildActionMask = 2147483647;
			files = (
			);
			inputFileListPaths = (
			);
			inputPaths = (
				"${PODS_PODFILE_DIR_PATH}/Podfile.lock",
				"${PODS_ROOT}/Manifest.lock",
			);
			name = "[CP] Check Pods Manifest.lock";
			outputFileListPaths = (
			);
			outputPaths = (
				"$(DERIVED_FILE_DIR)/Pods-TMDb-checkManifestLockResult.txt",
			);
			runOnlyForDeploymentPostprocessing = 0;
			shellPath = /bin/sh;
			shellScript = "diff \"${PODS_PODFILE_DIR_PATH}/Podfile.lock\" \"${PODS_ROOT}/Manifest.lock\" > /dev/null\nif [ $? != 0 ] ; then\n    # print error to STDERR\n    echo \"error: The sandbox is not in sync with the Podfile.lock. Run 'pod install' or update your CocoaPods installation.\" >&2\n    exit 1\nfi\n# This output is used by Xcode 'outputs' to avoid re-running this script phase.\necho \"SUCCESS\" > \"${SCRIPT_OUTPUT_FILE_0}\"\n";
			showEnvVarsInLog = 0;
		};
		7878B94734C963E9FE79CEDA /* [CP] Embed Pods Frameworks */ = {
			isa = PBXShellScriptBuildPhase;
			buildActionMask = 2147483647;
			files = (
			);
			inputFileListPaths = (
				"${PODS_ROOT}/Target Support Files/Pods-TMDb-TMDbUITests/Pods-TMDb-TMDbUITests-frameworks-${CONFIGURATION}-input-files.xcfilelist",
			);
			name = "[CP] Embed Pods Frameworks";
			outputFileListPaths = (
				"${PODS_ROOT}/Target Support Files/Pods-TMDb-TMDbUITests/Pods-TMDb-TMDbUITests-frameworks-${CONFIGURATION}-output-files.xcfilelist",
			);
			runOnlyForDeploymentPostprocessing = 0;
			shellPath = /bin/sh;
			shellScript = "\"${PODS_ROOT}/Target Support Files/Pods-TMDb-TMDbUITests/Pods-TMDb-TMDbUITests-frameworks.sh\"\n";
			showEnvVarsInLog = 0;
		};
		B87CE4D72E4447C1BB4E9396 /* [CP] Check Pods Manifest.lock */ = {
			isa = PBXShellScriptBuildPhase;
			buildActionMask = 2147483647;
			files = (
			);
			inputFileListPaths = (
			);
			inputPaths = (
				"${PODS_PODFILE_DIR_PATH}/Podfile.lock",
				"${PODS_ROOT}/Manifest.lock",
			);
			name = "[CP] Check Pods Manifest.lock";
			outputFileListPaths = (
			);
			outputPaths = (
				"$(DERIVED_FILE_DIR)/Pods-TMDb-TMDbUITests-checkManifestLockResult.txt",
			);
			runOnlyForDeploymentPostprocessing = 0;
			shellPath = /bin/sh;
			shellScript = "diff \"${PODS_PODFILE_DIR_PATH}/Podfile.lock\" \"${PODS_ROOT}/Manifest.lock\" > /dev/null\nif [ $? != 0 ] ; then\n    # print error to STDERR\n    echo \"error: The sandbox is not in sync with the Podfile.lock. Run 'pod install' or update your CocoaPods installation.\" >&2\n    exit 1\nfi\n# This output is used by Xcode 'outputs' to avoid re-running this script phase.\necho \"SUCCESS\" > \"${SCRIPT_OUTPUT_FILE_0}\"\n";
			showEnvVarsInLog = 0;
		};
		D82AD2E6F87A0EE1CF719AF9 /* [CP] Check Pods Manifest.lock */ = {
			isa = PBXShellScriptBuildPhase;
			buildActionMask = 2147483647;
			files = (
			);
			inputFileListPaths = (
			);
			inputPaths = (
				"${PODS_PODFILE_DIR_PATH}/Podfile.lock",
				"${PODS_ROOT}/Manifest.lock",
			);
			name = "[CP] Check Pods Manifest.lock";
			outputFileListPaths = (
			);
			outputPaths = (
				"$(DERIVED_FILE_DIR)/Pods-TMDbTests-checkManifestLockResult.txt",
			);
			runOnlyForDeploymentPostprocessing = 0;
			shellPath = /bin/sh;
			shellScript = "diff \"${PODS_PODFILE_DIR_PATH}/Podfile.lock\" \"${PODS_ROOT}/Manifest.lock\" > /dev/null\nif [ $? != 0 ] ; then\n    # print error to STDERR\n    echo \"error: The sandbox is not in sync with the Podfile.lock. Run 'pod install' or update your CocoaPods installation.\" >&2\n    exit 1\nfi\n# This output is used by Xcode 'outputs' to avoid re-running this script phase.\necho \"SUCCESS\" > \"${SCRIPT_OUTPUT_FILE_0}\"\n";
			showEnvVarsInLog = 0;
		};
/* End PBXShellScriptBuildPhase section */

/* Begin PBXSourcesBuildPhase section */
		AE3BD16625D1B08C00B93C93 /* Sources */ = {
			isa = PBXSourcesBuildPhase;
			buildActionMask = 2147483647;
			files = (
				AE3BD16E25D1B08C00B93C93 /* AppDelegate.swift in Sources */,
				AE3BD17025D1B08C00B93C93 /* SceneDelegate.swift in Sources */,
				AE3BD17225D1B08C00B93C93 /* ContentView.swift in Sources */,
			);
			runOnlyForDeploymentPostprocessing = 0;
		};
		AE3BD17C25D1B08E00B93C93 /* Sources */ = {
			isa = PBXSourcesBuildPhase;
			buildActionMask = 2147483647;
			files = (
				AE3BD18525D1B08E00B93C93 /* TMDbTests.swift in Sources */,
			);
			runOnlyForDeploymentPostprocessing = 0;
		};
		AE3BD18725D1B08E00B93C93 /* Sources */ = {
			isa = PBXSourcesBuildPhase;
			buildActionMask = 2147483647;
			files = (
				AE3BD19025D1B08E00B93C93 /* TMDbUITests.swift in Sources */,
			);
			runOnlyForDeploymentPostprocessing = 0;
		};
/* End PBXSourcesBuildPhase section */

/* Begin PBXTargetDependency section */
		AE3BD18225D1B08E00B93C93 /* PBXTargetDependency */ = {
			isa = PBXTargetDependency;
			target = AE3BD16925D1B08C00B93C93 /* TMDb */;
			targetProxy = AE3BD18125D1B08E00B93C93 /* PBXContainerItemProxy */;
		};
		AE3BD18D25D1B08E00B93C93 /* PBXTargetDependency */ = {
			isa = PBXTargetDependency;
			target = AE3BD16925D1B08C00B93C93 /* TMDb */;
			targetProxy = AE3BD18C25D1B08E00B93C93 /* PBXContainerItemProxy */;
		};
/* End PBXTargetDependency section */

/* Begin PBXVariantGroup section */
		AE3BD17825D1B08E00B93C93 /* LaunchScreen.storyboard */ = {
			isa = PBXVariantGroup;
			children = (
				AE3BD17925D1B08E00B93C93 /* Base */,
			);
			name = LaunchScreen.storyboard;
			sourceTree = "<group>";
		};
/* End PBXVariantGroup section */

/* Begin XCBuildConfiguration section */
		AE3BD19225D1B08E00B93C93 /* Debug */ = {
			isa = XCBuildConfiguration;
			buildSettings = {
				ALWAYS_SEARCH_USER_PATHS = NO;
				CLANG_ANALYZER_NONNULL = YES;
				CLANG_ANALYZER_NUMBER_OBJECT_CONVERSION = YES_AGGRESSIVE;
				CLANG_CXX_LANGUAGE_STANDARD = "gnu++14";
				CLANG_CXX_LIBRARY = "libc++";
				CLANG_ENABLE_MODULES = YES;
				CLANG_ENABLE_OBJC_ARC = YES;
				CLANG_ENABLE_OBJC_WEAK = YES;
				CLANG_WARN_BLOCK_CAPTURE_AUTORELEASING = YES;
				CLANG_WARN_BOOL_CONVERSION = YES;
				CLANG_WARN_COMMA = YES;
				CLANG_WARN_CONSTANT_CONVERSION = YES;
				CLANG_WARN_DEPRECATED_OBJC_IMPLEMENTATIONS = YES;
				CLANG_WARN_DIRECT_OBJC_ISA_USAGE = YES_ERROR;
				CLANG_WARN_DOCUMENTATION_COMMENTS = YES;
				CLANG_WARN_EMPTY_BODY = YES;
				CLANG_WARN_ENUM_CONVERSION = YES;
				CLANG_WARN_INFINITE_RECURSION = YES;
				CLANG_WARN_INT_CONVERSION = YES;
				CLANG_WARN_NON_LITERAL_NULL_CONVERSION = YES;
				CLANG_WARN_OBJC_IMPLICIT_RETAIN_SELF = YES;
				CLANG_WARN_OBJC_LITERAL_CONVERSION = YES;
				CLANG_WARN_OBJC_ROOT_CLASS = YES_ERROR;
				CLANG_WARN_QUOTED_INCLUDE_IN_FRAMEWORK_HEADER = YES;
				CLANG_WARN_RANGE_LOOP_ANALYSIS = YES;
				CLANG_WARN_STRICT_PROTOTYPES = YES;
				CLANG_WARN_SUSPICIOUS_MOVE = YES;
				CLANG_WARN_UNGUARDED_AVAILABILITY = YES_AGGRESSIVE;
				CLANG_WARN_UNREACHABLE_CODE = YES;
				CLANG_WARN__DUPLICATE_METHOD_MATCH = YES;
				COPY_PHASE_STRIP = NO;
				DEBUG_INFORMATION_FORMAT = dwarf;
				ENABLE_STRICT_OBJC_MSGSEND = YES;
				ENABLE_TESTABILITY = YES;
				GCC_C_LANGUAGE_STANDARD = gnu11;
				GCC_DYNAMIC_NO_PIC = NO;
				GCC_NO_COMMON_BLOCKS = YES;
				GCC_OPTIMIZATION_LEVEL = 0;
				GCC_PREPROCESSOR_DEFINITIONS = (
					"DEBUG=1",
					"$(inherited)",
				);
				GCC_WARN_64_TO_32_BIT_CONVERSION = YES;
				GCC_WARN_ABOUT_RETURN_TYPE = YES_ERROR;
				GCC_WARN_UNDECLARED_SELECTOR = YES;
				GCC_WARN_UNINITIALIZED_AUTOS = YES_AGGRESSIVE;
				GCC_WARN_UNUSED_FUNCTION = YES;
				GCC_WARN_UNUSED_VARIABLE = YES;
				IPHONEOS_DEPLOYMENT_TARGET = 14.2;
				MTL_ENABLE_DEBUG_INFO = INCLUDE_SOURCE;
				MTL_FAST_MATH = YES;
				ONLY_ACTIVE_ARCH = YES;
				SDKROOT = iphoneos;
				SWIFT_ACTIVE_COMPILATION_CONDITIONS = DEBUG;
				SWIFT_OPTIMIZATION_LEVEL = "-Onone";
			};
			name = Debug;
		};
		AE3BD19325D1B08E00B93C93 /* Release */ = {
			isa = XCBuildConfiguration;
			buildSettings = {
				ALWAYS_SEARCH_USER_PATHS = NO;
				CLANG_ANALYZER_NONNULL = YES;
				CLANG_ANALYZER_NUMBER_OBJECT_CONVERSION = YES_AGGRESSIVE;
				CLANG_CXX_LANGUAGE_STANDARD = "gnu++14";
				CLANG_CXX_LIBRARY = "libc++";
				CLANG_ENABLE_MODULES = YES;
				CLANG_ENABLE_OBJC_ARC = YES;
				CLANG_ENABLE_OBJC_WEAK = YES;
				CLANG_WARN_BLOCK_CAPTURE_AUTORELEASING = YES;
				CLANG_WARN_BOOL_CONVERSION = YES;
				CLANG_WARN_COMMA = YES;
				CLANG_WARN_CONSTANT_CONVERSION = YES;
				CLANG_WARN_DEPRECATED_OBJC_IMPLEMENTATIONS = YES;
				CLANG_WARN_DIRECT_OBJC_ISA_USAGE = YES_ERROR;
				CLANG_WARN_DOCUMENTATION_COMMENTS = YES;
				CLANG_WARN_EMPTY_BODY = YES;
				CLANG_WARN_ENUM_CONVERSION = YES;
				CLANG_WARN_INFINITE_RECURSION = YES;
				CLANG_WARN_INT_CONVERSION = YES;
				CLANG_WARN_NON_LITERAL_NULL_CONVERSION = YES;
				CLANG_WARN_OBJC_IMPLICIT_RETAIN_SELF = YES;
				CLANG_WARN_OBJC_LITERAL_CONVERSION = YES;
				CLANG_WARN_OBJC_ROOT_CLASS = YES_ERROR;
				CLANG_WARN_QUOTED_INCLUDE_IN_FRAMEWORK_HEADER = YES;
				CLANG_WARN_RANGE_LOOP_ANALYSIS = YES;
				CLANG_WARN_STRICT_PROTOTYPES = YES;
				CLANG_WARN_SUSPICIOUS_MOVE = YES;
				CLANG_WARN_UNGUARDED_AVAILABILITY = YES_AGGRESSIVE;
				CLANG_WARN_UNREACHABLE_CODE = YES;
				CLANG_WARN__DUPLICATE_METHOD_MATCH = YES;
				COPY_PHASE_STRIP = NO;
				DEBUG_INFORMATION_FORMAT = "dwarf-with-dsym";
				ENABLE_NS_ASSERTIONS = NO;
				ENABLE_STRICT_OBJC_MSGSEND = YES;
				GCC_C_LANGUAGE_STANDARD = gnu11;
				GCC_NO_COMMON_BLOCKS = YES;
				GCC_WARN_64_TO_32_BIT_CONVERSION = YES;
				GCC_WARN_ABOUT_RETURN_TYPE = YES_ERROR;
				GCC_WARN_UNDECLARED_SELECTOR = YES;
				GCC_WARN_UNINITIALIZED_AUTOS = YES_AGGRESSIVE;
				GCC_WARN_UNUSED_FUNCTION = YES;
				GCC_WARN_UNUSED_VARIABLE = YES;
				IPHONEOS_DEPLOYMENT_TARGET = 14.2;
				MTL_ENABLE_DEBUG_INFO = NO;
				MTL_FAST_MATH = YES;
				SDKROOT = iphoneos;
				SWIFT_COMPILATION_MODE = wholemodule;
				SWIFT_OPTIMIZATION_LEVEL = "-O";
				VALIDATE_PRODUCT = YES;
			};
			name = Release;
		};
		AE3BD19525D1B08E00B93C93 /* Debug */ = {
			isa = XCBuildConfiguration;
			baseConfigurationReference = 8D569EAB23D5E53705E60F5E /* Pods-TMDb.debug.xcconfig */;
			buildSettings = {
				ASSETCATALOG_COMPILER_APPICON_NAME = AppIcon;
				ASSETCATALOG_COMPILER_GLOBAL_ACCENT_COLOR_NAME = AccentColor;
				CODE_SIGN_STYLE = Automatic;
				DEVELOPMENT_ASSET_PATHS = "\"TMDb/Preview Content\"";
				DEVELOPMENT_TEAM = 9G328PKLS2;
				ENABLE_PREVIEWS = YES;
				INFOPLIST_FILE = TMDb/Info.plist;
				LD_RUNPATH_SEARCH_PATHS = (
					"$(inherited)",
					"@executable_path/Frameworks",
				);
				PRODUCT_BUNDLE_IDENTIFIER = st.TMDb;
				PRODUCT_NAME = "$(TARGET_NAME)";
				SWIFT_VERSION = 5.0;
				TARGETED_DEVICE_FAMILY = "1,2";
			};
			name = Debug;
		};
		AE3BD19625D1B08E00B93C93 /* Release */ = {
			isa = XCBuildConfiguration;
			baseConfigurationReference = 660E4F2723C7552D78EDFED8 /* Pods-TMDb.release.xcconfig */;
			buildSettings = {
				ASSETCATALOG_COMPILER_APPICON_NAME = AppIcon;
				ASSETCATALOG_COMPILER_GLOBAL_ACCENT_COLOR_NAME = AccentColor;
				CODE_SIGN_STYLE = Automatic;
				DEVELOPMENT_ASSET_PATHS = "\"TMDb/Preview Content\"";
				DEVELOPMENT_TEAM = 9G328PKLS2;
				ENABLE_PREVIEWS = YES;
				INFOPLIST_FILE = TMDb/Info.plist;
				LD_RUNPATH_SEARCH_PATHS = (
					"$(inherited)",
					"@executable_path/Frameworks",
				);
				PRODUCT_BUNDLE_IDENTIFIER = st.TMDb;
				PRODUCT_NAME = "$(TARGET_NAME)";
				SWIFT_VERSION = 5.0;
				TARGETED_DEVICE_FAMILY = "1,2";
			};
			name = Release;
		};
		AE3BD19825D1B08E00B93C93 /* Debug */ = {
			isa = XCBuildConfiguration;
			baseConfigurationReference = 63FC554FAE6B563731A3F5F3 /* Pods-TMDbTests.debug.xcconfig */;
			buildSettings = {
				ALWAYS_EMBED_SWIFT_STANDARD_LIBRARIES = YES;
				BUNDLE_LOADER = "$(TEST_HOST)";
				CODE_SIGN_STYLE = Automatic;
				DEVELOPMENT_TEAM = 9G328PKLS2;
				INFOPLIST_FILE = TMDbTests/Info.plist;
				IPHONEOS_DEPLOYMENT_TARGET = 14.2;
				LD_RUNPATH_SEARCH_PATHS = (
					"$(inherited)",
					"@executable_path/Frameworks",
					"@loader_path/Frameworks",
				);
				PRODUCT_BUNDLE_IDENTIFIER = st.TMDbTests;
				PRODUCT_NAME = "$(TARGET_NAME)";
				SWIFT_VERSION = 5.0;
				TARGETED_DEVICE_FAMILY = "1,2";
				TEST_HOST = "$(BUILT_PRODUCTS_DIR)/TMDb.app/TMDb";
			};
			name = Debug;
		};
		AE3BD19925D1B08E00B93C93 /* Release */ = {
			isa = XCBuildConfiguration;
			baseConfigurationReference = 64896F7996DB1B646588F519 /* Pods-TMDbTests.release.xcconfig */;
			buildSettings = {
				ALWAYS_EMBED_SWIFT_STANDARD_LIBRARIES = YES;
				BUNDLE_LOADER = "$(TEST_HOST)";
				CODE_SIGN_STYLE = Automatic;
				DEVELOPMENT_TEAM = 9G328PKLS2;
				INFOPLIST_FILE = TMDbTests/Info.plist;
				IPHONEOS_DEPLOYMENT_TARGET = 14.2;
				LD_RUNPATH_SEARCH_PATHS = (
					"$(inherited)",
					"@executable_path/Frameworks",
					"@loader_path/Frameworks",
				);
				PRODUCT_BUNDLE_IDENTIFIER = st.TMDbTests;
				PRODUCT_NAME = "$(TARGET_NAME)";
				SWIFT_VERSION = 5.0;
				TARGETED_DEVICE_FAMILY = "1,2";
				TEST_HOST = "$(BUILT_PRODUCTS_DIR)/TMDb.app/TMDb";
			};
			name = Release;
		};
		AE3BD19B25D1B08E00B93C93 /* Debug */ = {
			isa = XCBuildConfiguration;
			baseConfigurationReference = 50CFF0EC81E894156F86A08A /* Pods-TMDb-TMDbUITests.debug.xcconfig */;
			buildSettings = {
				ALWAYS_EMBED_SWIFT_STANDARD_LIBRARIES = YES;
				CODE_SIGN_STYLE = Automatic;
				DEVELOPMENT_TEAM = 9G328PKLS2;
				INFOPLIST_FILE = TMDbUITests/Info.plist;
				LD_RUNPATH_SEARCH_PATHS = (
					"$(inherited)",
					"@executable_path/Frameworks",
					"@loader_path/Frameworks",
				);
				PRODUCT_BUNDLE_IDENTIFIER = st.TMDbUITests;
				PRODUCT_NAME = "$(TARGET_NAME)";
				SWIFT_VERSION = 5.0;
				TARGETED_DEVICE_FAMILY = "1,2";
				TEST_TARGET_NAME = TMDb;
			};
			name = Debug;
		};
		AE3BD19C25D1B08E00B93C93 /* Release */ = {
			isa = XCBuildConfiguration;
			baseConfigurationReference = AB757589C99EE9F0BA2D3A2D /* Pods-TMDb-TMDbUITests.release.xcconfig */;
			buildSettings = {
				ALWAYS_EMBED_SWIFT_STANDARD_LIBRARIES = YES;
				CODE_SIGN_STYLE = Automatic;
				DEVELOPMENT_TEAM = 9G328PKLS2;
				INFOPLIST_FILE = TMDbUITests/Info.plist;
				LD_RUNPATH_SEARCH_PATHS = (
					"$(inherited)",
					"@executable_path/Frameworks",
					"@loader_path/Frameworks",
				);
				PRODUCT_BUNDLE_IDENTIFIER = st.TMDbUITests;
				PRODUCT_NAME = "$(TARGET_NAME)";
				SWIFT_VERSION = 5.0;
				TARGETED_DEVICE_FAMILY = "1,2";
				TEST_TARGET_NAME = TMDb;
			};
			name = Release;
		};
/* End XCBuildConfiguration section */

/* Begin XCConfigurationList section */
		AE3BD16525D1B08C00B93C93 /* Build configuration list for PBXProject "TMDb" */ = {
			isa = XCConfigurationList;
			buildConfigurations = (
				AE3BD19225D1B08E00B93C93 /* Debug */,
				AE3BD19325D1B08E00B93C93 /* Release */,
			);
			defaultConfigurationIsVisible = 0;
			defaultConfigurationName = Release;
		};
		AE3BD19425D1B08E00B93C93 /* Build configuration list for PBXNativeTarget "TMDb" */ = {
			isa = XCConfigurationList;
			buildConfigurations = (
				AE3BD19525D1B08E00B93C93 /* Debug */,
				AE3BD19625D1B08E00B93C93 /* Release */,
			);
			defaultConfigurationIsVisible = 0;
			defaultConfigurationName = Release;
		};
		AE3BD19725D1B08E00B93C93 /* Build configuration list for PBXNativeTarget "TMDbTests" */ = {
			isa = XCConfigurationList;
			buildConfigurations = (
				AE3BD19825D1B08E00B93C93 /* Debug */,
				AE3BD19925D1B08E00B93C93 /* Release */,
			);
			defaultConfigurationIsVisible = 0;
			defaultConfigurationName = Release;
		};
		AE3BD19A25D1B08E00B93C93 /* Build configuration list for PBXNativeTarget "TMDbUITests" */ = {
			isa = XCConfigurationList;
			buildConfigurations = (
				AE3BD19B25D1B08E00B93C93 /* Debug */,
				AE3BD19C25D1B08E00B93C93 /* Release */,
			);
			defaultConfigurationIsVisible = 0;
			defaultConfigurationName = Release;
		};
/* End XCConfigurationList section */
	};
	rootObject = AE3BD16225D1B08C00B93C93 /* Project object */;
}
